// !$*UTF8*$!
{
	archiveVersion = 1;
	classes = {
	};
	objectVersion = 51;
	objects = {

/* Begin PBXBuildFile section */
		414CC06D2710AE52003AEEC7 /* BuySellViewController.swift in Sources */ = {isa = PBXBuildFile; fileRef = 414CC06C2710AE52003AEEC7 /* BuySellViewController.swift */; };
		414CC06F2710AEA3003AEEC7 /* NewsViewController.swift in Sources */ = {isa = PBXBuildFile; fileRef = 414CC06E2710AEA3003AEEC7 /* NewsViewController.swift */; };
		414CC0722710AEF6003AEEC7 /* BalloonMarker.swift in Sources */ = {isa = PBXBuildFile; fileRef = 414CC0712710AEF6003AEEC7 /* BalloonMarker.swift */; };
		414CC0742710BBB0003AEEC7 /* MultipleView.swift in Sources */ = {isa = PBXBuildFile; fileRef = 414CC0732710BBB0003AEEC7 /* MultipleView.swift */; };
		414CC0762710C76A003AEEC7 /* TutorialViewController.swift in Sources */ = {isa = PBXBuildFile; fileRef = 414CC0752710C76A003AEEC7 /* TutorialViewController.swift */; };
		414CC0782710C7B6003AEEC7 /* Router.swift in Sources */ = {isa = PBXBuildFile; fileRef = 414CC0772710C7B6003AEEC7 /* Router.swift */; };
		414CC07A2710CC2B003AEEC7 /* FlowAssembly.swift in Sources */ = {isa = PBXBuildFile; fileRef = 414CC0792710CC2B003AEEC7 /* FlowAssembly.swift */; };
		414CC07C2710E810003AEEC7 /* AppleModel.swift in Sources */ = {isa = PBXBuildFile; fileRef = 414CC07B2710E810003AEEC7 /* AppleModel.swift */; };
		414CC07E2710EC55003AEEC7 /* NetworkManager.swift in Sources */ = {isa = PBXBuildFile; fileRef = 414CC07D2710EC55003AEEC7 /* NetworkManager.swift */; };
		414CC0882711A0EB003AEEC7 /* TinderViewController.swift in Sources */ = {isa = PBXBuildFile; fileRef = 414CC0872711A0EB003AEEC7 /* TinderViewController.swift */; };
		414CC08A2711A1DD003AEEC7 /* ButtonStackView.swift in Sources */ = {isa = PBXBuildFile; fileRef = 414CC0892711A1DD003AEEC7 /* ButtonStackView.swift */; };
		414CC08C2711A1EE003AEEC7 /* TinderButton.swift in Sources */ = {isa = PBXBuildFile; fileRef = 414CC08B2711A1EE003AEEC7 /* TinderButton.swift */; };
		414CC08E2711A201003AEEC7 /* TinderCardModel.swift in Sources */ = {isa = PBXBuildFile; fileRef = 414CC08D2711A201003AEEC7 /* TinderCardModel.swift */; };
		414CC0912711A247003AEEC7 /* TinderCardOverlay.swift in Sources */ = {isa = PBXBuildFile; fileRef = 414CC0902711A247003AEEC7 /* TinderCardOverlay.swift */; };
		414CC0932711A25B003AEEC7 /* TinderCardFooterView.swift in Sources */ = {isa = PBXBuildFile; fileRef = 414CC0922711A25B003AEEC7 /* TinderCardFooterView.swift */; };
		414CC0952711A268003AEEC7 /* TinderCardContentView.swift in Sources */ = {isa = PBXBuildFile; fileRef = 414CC0942711A268003AEEC7 /* TinderCardContentView.swift */; };
		414CC0972711A28D003AEEC7 /* UIView+Extensions.swift in Sources */ = {isa = PBXBuildFile; fileRef = 414CC0962711A28D003AEEC7 /* UIView+Extensions.swift */; };
		414CC0992711C483003AEEC7 /* TraidCard.swift in Sources */ = {isa = PBXBuildFile; fileRef = 414CC0982711C483003AEEC7 /* TraidCard.swift */; };
		414CC09C2711CF90003AEEC7 /* FunViewController.swift in Sources */ = {isa = PBXBuildFile; fileRef = 414CC09B2711CF90003AEEC7 /* FunViewController.swift */; };
		4194D786270F81990068B9EA /* AppDelegate.swift in Sources */ = {isa = PBXBuildFile; fileRef = 4194D785270F81990068B9EA /* AppDelegate.swift */; };
		4194D788270F81990068B9EA /* SceneDelegate.swift in Sources */ = {isa = PBXBuildFile; fileRef = 4194D787270F81990068B9EA /* SceneDelegate.swift */; };
		4194D78A270F81990068B9EA /* ViewController.swift in Sources */ = {isa = PBXBuildFile; fileRef = 4194D789270F81990068B9EA /* ViewController.swift */; };
		4194D790270F81990068B9EA /* FintechGame.xcdatamodeld in Sources */ = {isa = PBXBuildFile; fileRef = 4194D78E270F81990068B9EA /* FintechGame.xcdatamodeld */; };
		4194D792270F819C0068B9EA /* Assets.xcassets in Resources */ = {isa = PBXBuildFile; fileRef = 4194D791270F819C0068B9EA /* Assets.xcassets */; };
		4194D795270F819C0068B9EA /* LaunchScreen.storyboard in Resources */ = {isa = PBXBuildFile; fileRef = 4194D793270F819C0068B9EA /* LaunchScreen.storyboard */; };
		4194D7A0270F819D0068B9EA /* FintechGameTests.swift in Sources */ = {isa = PBXBuildFile; fileRef = 4194D79F270F819D0068B9EA /* FintechGameTests.swift */; };
		4194D7AB270F819D0068B9EA /* FintechGameUITests.swift in Sources */ = {isa = PBXBuildFile; fileRef = 4194D7AA270F819D0068B9EA /* FintechGameUITests.swift */; };
		4194D7BA270F82A30068B9EA /* stocks.json in Resources */ = {isa = PBXBuildFile; fileRef = 4194D7B9270F82A30068B9EA /* stocks.json */; };
		4194D7BD270F82CF0068B9EA /* StockModel.swift in Sources */ = {isa = PBXBuildFile; fileRef = 4194D7BC270F82CF0068B9EA /* StockModel.swift */; };
		4194D7BF270F82EF0068B9EA /* Stubs.swift in Sources */ = {isa = PBXBuildFile; fileRef = 4194D7BE270F82EF0068B9EA /* Stubs.swift */; };
		75A773C7C37A7AE730C6E7A6 /* Pods_FintechGame_FintechGameUITests.framework in Frameworks */ = {isa = PBXBuildFile; fileRef = 9A8F36E4981F03875EA646CD /* Pods_FintechGame_FintechGameUITests.framework */; };
		D7254504590F5533661226DA /* Pods_FintechGameTests.framework in Frameworks */ = {isa = PBXBuildFile; fileRef = 25807CD7EF19AA5CC54F17E9 /* Pods_FintechGameTests.framework */; };
		F7840273BE466A9532D64D99 /* Pods_FintechGame.framework in Frameworks */ = {isa = PBXBuildFile; fileRef = DB8FF45615BA460BD69B69F0 /* Pods_FintechGame.framework */; };
/* End PBXBuildFile section */

/* Begin PBXContainerItemProxy section */
		4194D79C270F819D0068B9EA /* PBXContainerItemProxy */ = {
			isa = PBXContainerItemProxy;
			containerPortal = 4194D77A270F81990068B9EA /* Project object */;
			proxyType = 1;
			remoteGlobalIDString = 4194D781270F81990068B9EA;
			remoteInfo = FintechGame;
		};
		4194D7A7270F819D0068B9EA /* PBXContainerItemProxy */ = {
			isa = PBXContainerItemProxy;
			containerPortal = 4194D77A270F81990068B9EA /* Project object */;
			proxyType = 1;
			remoteGlobalIDString = 4194D781270F81990068B9EA;
			remoteInfo = FintechGame;
		};
/* End PBXContainerItemProxy section */

/* Begin PBXFileReference section */
		032502F17FF1E23075484F90 /* Pods-FintechGame.release.xcconfig */ = {isa = PBXFileReference; includeInIndex = 1; lastKnownFileType = text.xcconfig; name = "Pods-FintechGame.release.xcconfig"; path = "Target Support Files/Pods-FintechGame/Pods-FintechGame.release.xcconfig"; sourceTree = "<group>"; };
		10E6E28C4B31CEBB18A8590D /* Pods-FintechGame-FintechGameUITests.debug.xcconfig */ = {isa = PBXFileReference; includeInIndex = 1; lastKnownFileType = text.xcconfig; name = "Pods-FintechGame-FintechGameUITests.debug.xcconfig"; path = "Target Support Files/Pods-FintechGame-FintechGameUITests/Pods-FintechGame-FintechGameUITests.debug.xcconfig"; sourceTree = "<group>"; };
		14756F17DEBA7FA7E677F645 /* Pods-FintechGame-FintechGameUITests.release.xcconfig */ = {isa = PBXFileReference; includeInIndex = 1; lastKnownFileType = text.xcconfig; name = "Pods-FintechGame-FintechGameUITests.release.xcconfig"; path = "Target Support Files/Pods-FintechGame-FintechGameUITests/Pods-FintechGame-FintechGameUITests.release.xcconfig"; sourceTree = "<group>"; };
		25807CD7EF19AA5CC54F17E9 /* Pods_FintechGameTests.framework */ = {isa = PBXFileReference; explicitFileType = wrapper.framework; includeInIndex = 0; path = Pods_FintechGameTests.framework; sourceTree = BUILT_PRODUCTS_DIR; };
		414CC06C2710AE52003AEEC7 /* BuySellViewController.swift */ = {isa = PBXFileReference; lastKnownFileType = sourcecode.swift; path = BuySellViewController.swift; sourceTree = "<group>"; };
		414CC06E2710AEA3003AEEC7 /* NewsViewController.swift */ = {isa = PBXFileReference; lastKnownFileType = sourcecode.swift; path = NewsViewController.swift; sourceTree = "<group>"; };
		414CC0712710AEF6003AEEC7 /* BalloonMarker.swift */ = {isa = PBXFileReference; lastKnownFileType = sourcecode.swift; path = BalloonMarker.swift; sourceTree = "<group>"; };
		414CC0732710BBB0003AEEC7 /* MultipleView.swift */ = {isa = PBXFileReference; lastKnownFileType = sourcecode.swift; path = MultipleView.swift; sourceTree = "<group>"; };
		414CC0752710C76A003AEEC7 /* TutorialViewController.swift */ = {isa = PBXFileReference; lastKnownFileType = sourcecode.swift; path = TutorialViewController.swift; sourceTree = "<group>"; };
		414CC0772710C7B6003AEEC7 /* Router.swift */ = {isa = PBXFileReference; lastKnownFileType = sourcecode.swift; path = Router.swift; sourceTree = "<group>"; };
		414CC0792710CC2B003AEEC7 /* FlowAssembly.swift */ = {isa = PBXFileReference; lastKnownFileType = sourcecode.swift; path = FlowAssembly.swift; sourceTree = "<group>"; };
		414CC07B2710E810003AEEC7 /* AppleModel.swift */ = {isa = PBXFileReference; lastKnownFileType = sourcecode.swift; path = AppleModel.swift; sourceTree = "<group>"; };
		414CC07D2710EC55003AEEC7 /* NetworkManager.swift */ = {isa = PBXFileReference; lastKnownFileType = sourcecode.swift; path = NetworkManager.swift; sourceTree = "<group>"; };
		414CC0872711A0EB003AEEC7 /* TinderViewController.swift */ = {isa = PBXFileReference; lastKnownFileType = sourcecode.swift; path = TinderViewController.swift; sourceTree = "<group>"; };
		414CC0892711A1DD003AEEC7 /* ButtonStackView.swift */ = {isa = PBXFileReference; lastKnownFileType = sourcecode.swift; path = ButtonStackView.swift; sourceTree = "<group>"; };
		414CC08B2711A1EE003AEEC7 /* TinderButton.swift */ = {isa = PBXFileReference; lastKnownFileType = sourcecode.swift; path = TinderButton.swift; sourceTree = "<group>"; };
		414CC08D2711A201003AEEC7 /* TinderCardModel.swift */ = {isa = PBXFileReference; lastKnownFileType = sourcecode.swift; path = TinderCardModel.swift; sourceTree = "<group>"; };
		414CC0902711A247003AEEC7 /* TinderCardOverlay.swift */ = {isa = PBXFileReference; lastKnownFileType = sourcecode.swift; path = TinderCardOverlay.swift; sourceTree = "<group>"; };
		414CC0922711A25B003AEEC7 /* TinderCardFooterView.swift */ = {isa = PBXFileReference; lastKnownFileType = sourcecode.swift; path = TinderCardFooterView.swift; sourceTree = "<group>"; };
		414CC0942711A268003AEEC7 /* TinderCardContentView.swift */ = {isa = PBXFileReference; lastKnownFileType = sourcecode.swift; path = TinderCardContentView.swift; sourceTree = "<group>"; };
		414CC0962711A28D003AEEC7 /* UIView+Extensions.swift */ = {isa = PBXFileReference; lastKnownFileType = sourcecode.swift; path = "UIView+Extensions.swift"; sourceTree = "<group>"; };
		414CC0982711C483003AEEC7 /* TraidCard.swift */ = {isa = PBXFileReference; lastKnownFileType = sourcecode.swift; path = TraidCard.swift; sourceTree = "<group>"; };
		414CC09B2711CF90003AEEC7 /* FunViewController.swift */ = {isa = PBXFileReference; lastKnownFileType = sourcecode.swift; path = FunViewController.swift; sourceTree = "<group>"; };
		4194D782270F81990068B9EA /* FintechGame.app */ = {isa = PBXFileReference; explicitFileType = wrapper.application; includeInIndex = 0; path = FintechGame.app; sourceTree = BUILT_PRODUCTS_DIR; };
		4194D785270F81990068B9EA /* AppDelegate.swift */ = {isa = PBXFileReference; lastKnownFileType = sourcecode.swift; path = AppDelegate.swift; sourceTree = "<group>"; };
		4194D787270F81990068B9EA /* SceneDelegate.swift */ = {isa = PBXFileReference; lastKnownFileType = sourcecode.swift; path = SceneDelegate.swift; sourceTree = "<group>"; };
		4194D789270F81990068B9EA /* ViewController.swift */ = {isa = PBXFileReference; lastKnownFileType = sourcecode.swift; path = ViewController.swift; sourceTree = "<group>"; };
		4194D78F270F81990068B9EA /* FintechGame.xcdatamodel */ = {isa = PBXFileReference; lastKnownFileType = wrapper.xcdatamodel; path = FintechGame.xcdatamodel; sourceTree = "<group>"; };
		4194D791270F819C0068B9EA /* Assets.xcassets */ = {isa = PBXFileReference; lastKnownFileType = folder.assetcatalog; path = Assets.xcassets; sourceTree = "<group>"; };
		4194D794270F819C0068B9EA /* Base */ = {isa = PBXFileReference; lastKnownFileType = file.storyboard; name = Base; path = Base.lproj/LaunchScreen.storyboard; sourceTree = "<group>"; };
		4194D796270F819C0068B9EA /* Info.plist */ = {isa = PBXFileReference; lastKnownFileType = text.plist.xml; path = Info.plist; sourceTree = "<group>"; };
		4194D79B270F819D0068B9EA /* FintechGameTests.xctest */ = {isa = PBXFileReference; explicitFileType = wrapper.cfbundle; includeInIndex = 0; path = FintechGameTests.xctest; sourceTree = BUILT_PRODUCTS_DIR; };
		4194D79F270F819D0068B9EA /* FintechGameTests.swift */ = {isa = PBXFileReference; lastKnownFileType = sourcecode.swift; path = FintechGameTests.swift; sourceTree = "<group>"; };
		4194D7A1270F819D0068B9EA /* Info.plist */ = {isa = PBXFileReference; lastKnownFileType = text.plist.xml; path = Info.plist; sourceTree = "<group>"; };
		4194D7A6270F819D0068B9EA /* FintechGameUITests.xctest */ = {isa = PBXFileReference; explicitFileType = wrapper.cfbundle; includeInIndex = 0; path = FintechGameUITests.xctest; sourceTree = BUILT_PRODUCTS_DIR; };
		4194D7AA270F819D0068B9EA /* FintechGameUITests.swift */ = {isa = PBXFileReference; lastKnownFileType = sourcecode.swift; path = FintechGameUITests.swift; sourceTree = "<group>"; };
		4194D7AC270F819D0068B9EA /* Info.plist */ = {isa = PBXFileReference; lastKnownFileType = text.plist.xml; path = Info.plist; sourceTree = "<group>"; };
		4194D7B9270F82A30068B9EA /* stocks.json */ = {isa = PBXFileReference; lastKnownFileType = text.json; path = stocks.json; sourceTree = "<group>"; };
		4194D7BC270F82CF0068B9EA /* StockModel.swift */ = {isa = PBXFileReference; lastKnownFileType = sourcecode.swift; path = StockModel.swift; sourceTree = "<group>"; };
		4194D7BE270F82EF0068B9EA /* Stubs.swift */ = {isa = PBXFileReference; lastKnownFileType = sourcecode.swift; path = Stubs.swift; sourceTree = "<group>"; };
		62C7D66D6E0767D3D80945EF /* Pods-FintechGameTests.debug.xcconfig */ = {isa = PBXFileReference; includeInIndex = 1; lastKnownFileType = text.xcconfig; name = "Pods-FintechGameTests.debug.xcconfig"; path = "Target Support Files/Pods-FintechGameTests/Pods-FintechGameTests.debug.xcconfig"; sourceTree = "<group>"; };
		70EE8F535427B615473DDAF2 /* Pods-FintechGame.debug.xcconfig */ = {isa = PBXFileReference; includeInIndex = 1; lastKnownFileType = text.xcconfig; name = "Pods-FintechGame.debug.xcconfig"; path = "Target Support Files/Pods-FintechGame/Pods-FintechGame.debug.xcconfig"; sourceTree = "<group>"; };
		93E872944A6D7431A68527F2 /* Pods-FintechGameTests.release.xcconfig */ = {isa = PBXFileReference; includeInIndex = 1; lastKnownFileType = text.xcconfig; name = "Pods-FintechGameTests.release.xcconfig"; path = "Target Support Files/Pods-FintechGameTests/Pods-FintechGameTests.release.xcconfig"; sourceTree = "<group>"; };
		9A8F36E4981F03875EA646CD /* Pods_FintechGame_FintechGameUITests.framework */ = {isa = PBXFileReference; explicitFileType = wrapper.framework; includeInIndex = 0; path = Pods_FintechGame_FintechGameUITests.framework; sourceTree = BUILT_PRODUCTS_DIR; };
		DB8FF45615BA460BD69B69F0 /* Pods_FintechGame.framework */ = {isa = PBXFileReference; explicitFileType = wrapper.framework; includeInIndex = 0; path = Pods_FintechGame.framework; sourceTree = BUILT_PRODUCTS_DIR; };
/* End PBXFileReference section */

/* Begin PBXFrameworksBuildPhase section */
		4194D77F270F81990068B9EA /* Frameworks */ = {
			isa = PBXFrameworksBuildPhase;
			buildActionMask = 2147483647;
			files = (
				F7840273BE466A9532D64D99 /* Pods_FintechGame.framework in Frameworks */,
			);
			runOnlyForDeploymentPostprocessing = 0;
		};
		4194D798270F819D0068B9EA /* Frameworks */ = {
			isa = PBXFrameworksBuildPhase;
			buildActionMask = 2147483647;
			files = (
				D7254504590F5533661226DA /* Pods_FintechGameTests.framework in Frameworks */,
			);
			runOnlyForDeploymentPostprocessing = 0;
		};
		4194D7A3270F819D0068B9EA /* Frameworks */ = {
			isa = PBXFrameworksBuildPhase;
			buildActionMask = 2147483647;
			files = (
				75A773C7C37A7AE730C6E7A6 /* Pods_FintechGame_FintechGameUITests.framework in Frameworks */,
			);
			runOnlyForDeploymentPostprocessing = 0;
		};
/* End PBXFrameworksBuildPhase section */

/* Begin PBXGroup section */
		414CC06B2710AE36003AEEC7 /* Flow */ = {
			isa = PBXGroup;
			children = (
				4194D789270F81990068B9EA /* ViewController.swift */,
				414CC09A2711CF88003AEEC7 /* Fun */,
				414CC08027119B49003AEEC7 /* News */,
				414CC07F27119B41003AEEC7 /* Tinder */,
				414CC0792710CC2B003AEEC7 /* FlowAssembly.swift */,
			);
			path = Flow;
			sourceTree = "<group>";
		};
		414CC0702710AEDB003AEEC7 /* Supplimentary */ = {
			isa = PBXGroup;
			children = (
				414CC0712710AEF6003AEEC7 /* BalloonMarker.swift */,
				414CC0732710BBB0003AEEC7 /* MultipleView.swift */,
			);
			path = Supplimentary;
			sourceTree = "<group>";
		};
		414CC07F27119B41003AEEC7 /* Tinder */ = {
			isa = PBXGroup;
			children = (
				414CC0872711A0EB003AEEC7 /* TinderViewController.swift */,
				414CC0892711A1DD003AEEC7 /* ButtonStackView.swift */,
				414CC08B2711A1EE003AEEC7 /* TinderButton.swift */,
				414CC08D2711A201003AEEC7 /* TinderCardModel.swift */,
				414CC08F2711A234003AEEC7 /* TinderCard */,
			);
			path = Tinder;
			sourceTree = "<group>";
		};
		414CC08027119B49003AEEC7 /* News */ = {
			isa = PBXGroup;
			children = (
				414CC06E2710AEA3003AEEC7 /* NewsViewController.swift */,
				414CC06C2710AE52003AEEC7 /* BuySellViewController.swift */,
				414CC0752710C76A003AEEC7 /* TutorialViewController.swift */,
			);
			path = News;
			sourceTree = "<group>";
		};
		414CC08F2711A234003AEEC7 /* TinderCard */ = {
			isa = PBXGroup;
			children = (
				414CC0942711A268003AEEC7 /* TinderCardContentView.swift */,
				414CC0902711A247003AEEC7 /* TinderCardOverlay.swift */,
				414CC0922711A25B003AEEC7 /* TinderCardFooterView.swift */,
				414CC0962711A28D003AEEC7 /* UIView+Extensions.swift */,
				414CC0982711C483003AEEC7 /* TraidCard.swift */,
			);
			path = TinderCard;
			sourceTree = "<group>";
		};
		414CC09A2711CF88003AEEC7 /* Fun */ = {
			isa = PBXGroup;
			children = (
				414CC09B2711CF90003AEEC7 /* FunViewController.swift */,
			);
			path = Fun;
			sourceTree = "<group>";
		};
		4194D779270F81990068B9EA = {
			isa = PBXGroup;
			children = (
				4194D784270F81990068B9EA /* FintechGame */,
				4194D79E270F819D0068B9EA /* FintechGameTests */,
				4194D7A9270F819D0068B9EA /* FintechGameUITests */,
				4194D783270F81990068B9EA /* Products */,
				759867514D4939230B065B39 /* Pods */,
				949016BB02FAB72A93CDBD42 /* Frameworks */,
			);
			sourceTree = "<group>";
		};
		4194D783270F81990068B9EA /* Products */ = {
			isa = PBXGroup;
			children = (
				4194D782270F81990068B9EA /* FintechGame.app */,
				4194D79B270F819D0068B9EA /* FintechGameTests.xctest */,
				4194D7A6270F819D0068B9EA /* FintechGameUITests.xctest */,
			);
			name = Products;
			sourceTree = "<group>";
		};
		4194D784270F81990068B9EA /* FintechGame */ = {
			isa = PBXGroup;
			children = (
				4194D785270F81990068B9EA /* AppDelegate.swift */,
				4194D787270F81990068B9EA /* SceneDelegate.swift */,
				414CC07D2710EC55003AEEC7 /* NetworkManager.swift */,
				414CC0772710C7B6003AEEC7 /* Router.swift */,
				414CC06B2710AE36003AEEC7 /* Flow */,
				414CC0702710AEDB003AEEC7 /* Supplimentary */,
				4194D7BB270F82C20068B9EA /* Model */,
				4194D7B8270F828A0068B9EA /* Resources */,
				4194D791270F819C0068B9EA /* Assets.xcassets */,
				4194D793270F819C0068B9EA /* LaunchScreen.storyboard */,
				4194D796270F819C0068B9EA /* Info.plist */,
				4194D78E270F81990068B9EA /* FintechGame.xcdatamodeld */,
			);
			path = FintechGame;
			sourceTree = "<group>";
		};
		4194D79E270F819D0068B9EA /* FintechGameTests */ = {
			isa = PBXGroup;
			children = (
				4194D79F270F819D0068B9EA /* FintechGameTests.swift */,
				4194D7A1270F819D0068B9EA /* Info.plist */,
			);
			path = FintechGameTests;
			sourceTree = "<group>";
		};
		4194D7A9270F819D0068B9EA /* FintechGameUITests */ = {
			isa = PBXGroup;
			children = (
				4194D7AA270F819D0068B9EA /* FintechGameUITests.swift */,
				4194D7AC270F819D0068B9EA /* Info.plist */,
			);
			path = FintechGameUITests;
			sourceTree = "<group>";
		};
		4194D7B8270F828A0068B9EA /* Resources */ = {
			isa = PBXGroup;
			children = (
				4194D7B9270F82A30068B9EA /* stocks.json */,
			);
			path = Resources;
			sourceTree = "<group>";
		};
		4194D7BB270F82C20068B9EA /* Model */ = {
			isa = PBXGroup;
			children = (
				4194D7BC270F82CF0068B9EA /* StockModel.swift */,
				4194D7BE270F82EF0068B9EA /* Stubs.swift */,
				414CC07B2710E810003AEEC7 /* AppleModel.swift */,
			);
			path = Model;
			sourceTree = "<group>";
		};
		759867514D4939230B065B39 /* Pods */ = {
			isa = PBXGroup;
			children = (
				70EE8F535427B615473DDAF2 /* Pods-FintechGame.debug.xcconfig */,
				032502F17FF1E23075484F90 /* Pods-FintechGame.release.xcconfig */,
				10E6E28C4B31CEBB18A8590D /* Pods-FintechGame-FintechGameUITests.debug.xcconfig */,
				14756F17DEBA7FA7E677F645 /* Pods-FintechGame-FintechGameUITests.release.xcconfig */,
				62C7D66D6E0767D3D80945EF /* Pods-FintechGameTests.debug.xcconfig */,
				93E872944A6D7431A68527F2 /* Pods-FintechGameTests.release.xcconfig */,
			);
			path = Pods;
			sourceTree = "<group>";
		};
		949016BB02FAB72A93CDBD42 /* Frameworks */ = {
			isa = PBXGroup;
			children = (
				DB8FF45615BA460BD69B69F0 /* Pods_FintechGame.framework */,
				9A8F36E4981F03875EA646CD /* Pods_FintechGame_FintechGameUITests.framework */,
				25807CD7EF19AA5CC54F17E9 /* Pods_FintechGameTests.framework */,
			);
			name = Frameworks;
			sourceTree = "<group>";
		};
/* End PBXGroup section */

/* Begin PBXNativeTarget section */
		4194D781270F81990068B9EA /* FintechGame */ = {
			isa = PBXNativeTarget;
			buildConfigurationList = 4194D7AF270F819D0068B9EA /* Build configuration list for PBXNativeTarget "FintechGame" */;
			buildPhases = (
				7C08E27B83950845AD1292F7 /* [CP] Check Pods Manifest.lock */,
				4194D77E270F81990068B9EA /* Sources */,
				4194D77F270F81990068B9EA /* Frameworks */,
				4194D780270F81990068B9EA /* Resources */,
				80321F56DE993E9892D9FEDD /* [CP] Embed Pods Frameworks */,
			);
			buildRules = (
			);
			dependencies = (
			);
			name = FintechGame;
			productName = FintechGame;
			productReference = 4194D782270F81990068B9EA /* FintechGame.app */;
			productType = "com.apple.product-type.application";
		};
		4194D79A270F819D0068B9EA /* FintechGameTests */ = {
			isa = PBXNativeTarget;
			buildConfigurationList = 4194D7B2270F819D0068B9EA /* Build configuration list for PBXNativeTarget "FintechGameTests" */;
			buildPhases = (
				2FCC96A4CE3EB6B669488019 /* [CP] Check Pods Manifest.lock */,
				4194D797270F819D0068B9EA /* Sources */,
				4194D798270F819D0068B9EA /* Frameworks */,
				4194D799270F819D0068B9EA /* Resources */,
			);
			buildRules = (
			);
			dependencies = (
				4194D79D270F819D0068B9EA /* PBXTargetDependency */,
			);
			name = FintechGameTests;
			productName = FintechGameTests;
			productReference = 4194D79B270F819D0068B9EA /* FintechGameTests.xctest */;
			productType = "com.apple.product-type.bundle.unit-test";
		};
		4194D7A5270F819D0068B9EA /* FintechGameUITests */ = {
			isa = PBXNativeTarget;
			buildConfigurationList = 4194D7B5270F819D0068B9EA /* Build configuration list for PBXNativeTarget "FintechGameUITests" */;
			buildPhases = (
				8EE4CBB2B74D8D11BE928C3E /* [CP] Check Pods Manifest.lock */,
				4194D7A2270F819D0068B9EA /* Sources */,
				4194D7A3270F819D0068B9EA /* Frameworks */,
				4194D7A4270F819D0068B9EA /* Resources */,
				6CCCD66EC399C490D2F63271 /* [CP] Embed Pods Frameworks */,
			);
			buildRules = (
			);
			dependencies = (
				4194D7A8270F819D0068B9EA /* PBXTargetDependency */,
			);
			name = FintechGameUITests;
			productName = FintechGameUITests;
			productReference = 4194D7A6270F819D0068B9EA /* FintechGameUITests.xctest */;
			productType = "com.apple.product-type.bundle.ui-testing";
		};
/* End PBXNativeTarget section */

/* Begin PBXProject section */
		4194D77A270F81990068B9EA /* Project object */ = {
			isa = PBXProject;
			attributes = {
				LastSwiftUpdateCheck = 1250;
				LastUpgradeCheck = 1250;
				TargetAttributes = {
					4194D781270F81990068B9EA = {
						CreatedOnToolsVersion = 12.5.1;
					};
					4194D79A270F819D0068B9EA = {
						CreatedOnToolsVersion = 12.5.1;
						TestTargetID = 4194D781270F81990068B9EA;
					};
					4194D7A5270F819D0068B9EA = {
						CreatedOnToolsVersion = 12.5.1;
						TestTargetID = 4194D781270F81990068B9EA;
					};
				};
			};
			buildConfigurationList = 4194D77D270F81990068B9EA /* Build configuration list for PBXProject "FintechGame" */;
			compatibilityVersion = "Xcode 9.3";
			developmentRegion = en;
			hasScannedForEncodings = 0;
			knownRegions = (
				en,
				Base,
			);
			mainGroup = 4194D779270F81990068B9EA;
			productRefGroup = 4194D783270F81990068B9EA /* Products */;
			projectDirPath = "";
			projectRoot = "";
			targets = (
				4194D781270F81990068B9EA /* FintechGame */,
				4194D79A270F819D0068B9EA /* FintechGameTests */,
				4194D7A5270F819D0068B9EA /* FintechGameUITests */,
			);
		};
/* End PBXProject section */

/* Begin PBXResourcesBuildPhase section */
		4194D780270F81990068B9EA /* Resources */ = {
			isa = PBXResourcesBuildPhase;
			buildActionMask = 2147483647;
			files = (
				4194D795270F819C0068B9EA /* LaunchScreen.storyboard in Resources */,
				4194D792270F819C0068B9EA /* Assets.xcassets in Resources */,
				4194D7BA270F82A30068B9EA /* stocks.json in Resources */,
			);
			runOnlyForDeploymentPostprocessing = 0;
		};
		4194D799270F819D0068B9EA /* Resources */ = {
			isa = PBXResourcesBuildPhase;
			buildActionMask = 2147483647;
			files = (
			);
			runOnlyForDeploymentPostprocessing = 0;
		};
		4194D7A4270F819D0068B9EA /* Resources */ = {
			isa = PBXResourcesBuildPhase;
			buildActionMask = 2147483647;
			files = (
			);
			runOnlyForDeploymentPostprocessing = 0;
		};
/* End PBXResourcesBuildPhase section */

/* Begin PBXShellScriptBuildPhase section */
		2FCC96A4CE3EB6B669488019 /* [CP] Check Pods Manifest.lock */ = {
			isa = PBXShellScriptBuildPhase;
			buildActionMask = 2147483647;
			files = (
			);
			inputFileListPaths = (
			);
			inputPaths = (
				"${PODS_PODFILE_DIR_PATH}/Podfile.lock",
				"${PODS_ROOT}/Manifest.lock",
			);
			name = "[CP] Check Pods Manifest.lock";
			outputFileListPaths = (
			);
			outputPaths = (
				"$(DERIVED_FILE_DIR)/Pods-FintechGameTests-checkManifestLockResult.txt",
			);
			runOnlyForDeploymentPostprocessing = 0;
			shellPath = /bin/sh;
			shellScript = "diff \"${PODS_PODFILE_DIR_PATH}/Podfile.lock\" \"${PODS_ROOT}/Manifest.lock\" > /dev/null\nif [ $? != 0 ] ; then\n    # print error to STDERR\n    echo \"error: The sandbox is not in sync with the Podfile.lock. Run 'pod install' or update your CocoaPods installation.\" >&2\n    exit 1\nfi\n# This output is used by Xcode 'outputs' to avoid re-running this script phase.\necho \"SUCCESS\" > \"${SCRIPT_OUTPUT_FILE_0}\"\n";
			showEnvVarsInLog = 0;
		};
		6CCCD66EC399C490D2F63271 /* [CP] Embed Pods Frameworks */ = {
			isa = PBXShellScriptBuildPhase;
			buildActionMask = 2147483647;
			files = (
			);
			inputFileListPaths = (
				"${PODS_ROOT}/Target Support Files/Pods-FintechGame-FintechGameUITests/Pods-FintechGame-FintechGameUITests-frameworks-${CONFIGURATION}-input-files.xcfilelist",
			);
			name = "[CP] Embed Pods Frameworks";
			outputFileListPaths = (
				"${PODS_ROOT}/Target Support Files/Pods-FintechGame-FintechGameUITests/Pods-FintechGame-FintechGameUITests-frameworks-${CONFIGURATION}-output-files.xcfilelist",
			);
			runOnlyForDeploymentPostprocessing = 0;
			shellPath = /bin/sh;
			shellScript = "\"${PODS_ROOT}/Target Support Files/Pods-FintechGame-FintechGameUITests/Pods-FintechGame-FintechGameUITests-frameworks.sh\"\n";
			showEnvVarsInLog = 0;
		};
		7C08E27B83950845AD1292F7 /* [CP] Check Pods Manifest.lock */ = {
			isa = PBXShellScriptBuildPhase;
			buildActionMask = 2147483647;
			files = (
			);
			inputFileListPaths = (
			);
			inputPaths = (
				"${PODS_PODFILE_DIR_PATH}/Podfile.lock",
				"${PODS_ROOT}/Manifest.lock",
			);
			name = "[CP] Check Pods Manifest.lock";
			outputFileListPaths = (
			);
			outputPaths = (
				"$(DERIVED_FILE_DIR)/Pods-FintechGame-checkManifestLockResult.txt",
			);
			runOnlyForDeploymentPostprocessing = 0;
			shellPath = /bin/sh;
			shellScript = "diff \"${PODS_PODFILE_DIR_PATH}/Podfile.lock\" \"${PODS_ROOT}/Manifest.lock\" > /dev/null\nif [ $? != 0 ] ; then\n    # print error to STDERR\n    echo \"error: The sandbox is not in sync with the Podfile.lock. Run 'pod install' or update your CocoaPods installation.\" >&2\n    exit 1\nfi\n# This output is used by Xcode 'outputs' to avoid re-running this script phase.\necho \"SUCCESS\" > \"${SCRIPT_OUTPUT_FILE_0}\"\n";
			showEnvVarsInLog = 0;
		};
		80321F56DE993E9892D9FEDD /* [CP] Embed Pods Frameworks */ = {
			isa = PBXShellScriptBuildPhase;
			buildActionMask = 2147483647;
			files = (
			);
			inputFileListPaths = (
				"${PODS_ROOT}/Target Support Files/Pods-FintechGame/Pods-FintechGame-frameworks-${CONFIGURATION}-input-files.xcfilelist",
			);
			name = "[CP] Embed Pods Frameworks";
			outputFileListPaths = (
				"${PODS_ROOT}/Target Support Files/Pods-FintechGame/Pods-FintechGame-frameworks-${CONFIGURATION}-output-files.xcfilelist",
			);
			runOnlyForDeploymentPostprocessing = 0;
			shellPath = /bin/sh;
			shellScript = "\"${PODS_ROOT}/Target Support Files/Pods-FintechGame/Pods-FintechGame-frameworks.sh\"\n";
			showEnvVarsInLog = 0;
		};
		8EE4CBB2B74D8D11BE928C3E /* [CP] Check Pods Manifest.lock */ = {
			isa = PBXShellScriptBuildPhase;
			buildActionMask = 2147483647;
			files = (
			);
			inputFileListPaths = (
			);
			inputPaths = (
				"${PODS_PODFILE_DIR_PATH}/Podfile.lock",
				"${PODS_ROOT}/Manifest.lock",
			);
			name = "[CP] Check Pods Manifest.lock";
			outputFileListPaths = (
			);
			outputPaths = (
				"$(DERIVED_FILE_DIR)/Pods-FintechGame-FintechGameUITests-checkManifestLockResult.txt",
			);
			runOnlyForDeploymentPostprocessing = 0;
			shellPath = /bin/sh;
			shellScript = "diff \"${PODS_PODFILE_DIR_PATH}/Podfile.lock\" \"${PODS_ROOT}/Manifest.lock\" > /dev/null\nif [ $? != 0 ] ; then\n    # print error to STDERR\n    echo \"error: The sandbox is not in sync with the Podfile.lock. Run 'pod install' or update your CocoaPods installation.\" >&2\n    exit 1\nfi\n# This output is used by Xcode 'outputs' to avoid re-running this script phase.\necho \"SUCCESS\" > \"${SCRIPT_OUTPUT_FILE_0}\"\n";
			showEnvVarsInLog = 0;
		};
/* End PBXShellScriptBuildPhase section */

/* Begin PBXSourcesBuildPhase section */
		4194D77E270F81990068B9EA /* Sources */ = {
			isa = PBXSourcesBuildPhase;
			buildActionMask = 2147483647;
			files = (
				414CC0992711C483003AEEC7 /* TraidCard.swift in Sources */,
				4194D78A270F81990068B9EA /* ViewController.swift in Sources */,
				4194D7BD270F82CF0068B9EA /* StockModel.swift in Sources */,
				4194D786270F81990068B9EA /* AppDelegate.swift in Sources */,
				414CC0722710AEF6003AEEC7 /* BalloonMarker.swift in Sources */,
				414CC0932711A25B003AEEC7 /* TinderCardFooterView.swift in Sources */,
				414CC0912711A247003AEEC7 /* TinderCardOverlay.swift in Sources */,
				414CC0952711A268003AEEC7 /* TinderCardContentView.swift in Sources */,
				414CC0782710C7B6003AEEC7 /* Router.swift in Sources */,
				414CC07A2710CC2B003AEEC7 /* FlowAssembly.swift in Sources */,
				4194D7BF270F82EF0068B9EA /* Stubs.swift in Sources */,
				414CC06D2710AE52003AEEC7 /* BuySellViewController.swift in Sources */,
				4194D788270F81990068B9EA /* SceneDelegate.swift in Sources */,
				414CC08E2711A201003AEEC7 /* TinderCardModel.swift in Sources */,
				414CC0972711A28D003AEEC7 /* UIView+Extensions.swift in Sources */,
				4194D790270F81990068B9EA /* FintechGame.xcdatamodeld in Sources */,
				414CC0882711A0EB003AEEC7 /* TinderViewController.swift in Sources */,
				414CC0742710BBB0003AEEC7 /* MultipleView.swift in Sources */,
				414CC0762710C76A003AEEC7 /* TutorialViewController.swift in Sources */,
				414CC09C2711CF90003AEEC7 /* FunViewController.swift in Sources */,
				414CC08C2711A1EE003AEEC7 /* TinderButton.swift in Sources */,
				414CC08A2711A1DD003AEEC7 /* ButtonStackView.swift in Sources */,
				414CC07E2710EC55003AEEC7 /* NetworkManager.swift in Sources */,
				414CC07C2710E810003AEEC7 /* AppleModel.swift in Sources */,
				414CC06F2710AEA3003AEEC7 /* NewsViewController.swift in Sources */,
			);
			runOnlyForDeploymentPostprocessing = 0;
		};
		4194D797270F819D0068B9EA /* Sources */ = {
			isa = PBXSourcesBuildPhase;
			buildActionMask = 2147483647;
			files = (
				4194D7A0270F819D0068B9EA /* FintechGameTests.swift in Sources */,
			);
			runOnlyForDeploymentPostprocessing = 0;
		};
		4194D7A2270F819D0068B9EA /* Sources */ = {
			isa = PBXSourcesBuildPhase;
			buildActionMask = 2147483647;
			files = (
				4194D7AB270F819D0068B9EA /* FintechGameUITests.swift in Sources */,
			);
			runOnlyForDeploymentPostprocessing = 0;
		};
/* End PBXSourcesBuildPhase section */

/* Begin PBXTargetDependency section */
		4194D79D270F819D0068B9EA /* PBXTargetDependency */ = {
			isa = PBXTargetDependency;
			target = 4194D781270F81990068B9EA /* FintechGame */;
			targetProxy = 4194D79C270F819D0068B9EA /* PBXContainerItemProxy */;
		};
		4194D7A8270F819D0068B9EA /* PBXTargetDependency */ = {
			isa = PBXTargetDependency;
			target = 4194D781270F81990068B9EA /* FintechGame */;
			targetProxy = 4194D7A7270F819D0068B9EA /* PBXContainerItemProxy */;
		};
/* End PBXTargetDependency section */

/* Begin PBXVariantGroup section */
		4194D793270F819C0068B9EA /* LaunchScreen.storyboard */ = {
			isa = PBXVariantGroup;
			children = (
				4194D794270F819C0068B9EA /* Base */,
			);
			name = LaunchScreen.storyboard;
			sourceTree = "<group>";
		};
/* End PBXVariantGroup section */

/* Begin XCBuildConfiguration section */
		4194D7AD270F819D0068B9EA /* Debug */ = {
			isa = XCBuildConfiguration;
			buildSettings = {
				ALWAYS_SEARCH_USER_PATHS = NO;
				CLANG_ANALYZER_NONNULL = YES;
				CLANG_ANALYZER_NUMBER_OBJECT_CONVERSION = YES_AGGRESSIVE;
				CLANG_CXX_LANGUAGE_STANDARD = "gnu++14";
				CLANG_CXX_LIBRARY = "libc++";
				CLANG_ENABLE_MODULES = YES;
				CLANG_ENABLE_OBJC_ARC = YES;
				CLANG_ENABLE_OBJC_WEAK = YES;
				CLANG_WARN_BLOCK_CAPTURE_AUTORELEASING = YES;
				CLANG_WARN_BOOL_CONVERSION = YES;
				CLANG_WARN_COMMA = YES;
				CLANG_WARN_CONSTANT_CONVERSION = YES;
				CLANG_WARN_DEPRECATED_OBJC_IMPLEMENTATIONS = YES;
				CLANG_WARN_DIRECT_OBJC_ISA_USAGE = YES_ERROR;
				CLANG_WARN_DOCUMENTATION_COMMENTS = YES;
				CLANG_WARN_EMPTY_BODY = YES;
				CLANG_WARN_ENUM_CONVERSION = YES;
				CLANG_WARN_INFINITE_RECURSION = YES;
				CLANG_WARN_INT_CONVERSION = YES;
				CLANG_WARN_NON_LITERAL_NULL_CONVERSION = YES;
				CLANG_WARN_OBJC_IMPLICIT_RETAIN_SELF = YES;
				CLANG_WARN_OBJC_LITERAL_CONVERSION = YES;
				CLANG_WARN_OBJC_ROOT_CLASS = YES_ERROR;
				CLANG_WARN_QUOTED_INCLUDE_IN_FRAMEWORK_HEADER = YES;
				CLANG_WARN_RANGE_LOOP_ANALYSIS = YES;
				CLANG_WARN_STRICT_PROTOTYPES = YES;
				CLANG_WARN_SUSPICIOUS_MOVE = YES;
				CLANG_WARN_UNGUARDED_AVAILABILITY = YES_AGGRESSIVE;
				CLANG_WARN_UNREACHABLE_CODE = YES;
				CLANG_WARN__DUPLICATE_METHOD_MATCH = YES;
				COPY_PHASE_STRIP = NO;
				DEBUG_INFORMATION_FORMAT = dwarf;
				ENABLE_STRICT_OBJC_MSGSEND = YES;
				ENABLE_TESTABILITY = YES;
				GCC_C_LANGUAGE_STANDARD = gnu11;
				GCC_DYNAMIC_NO_PIC = NO;
				GCC_NO_COMMON_BLOCKS = YES;
				GCC_OPTIMIZATION_LEVEL = 0;
				GCC_PREPROCESSOR_DEFINITIONS = (
					"DEBUG=1",
					"$(inherited)",
				);
				GCC_WARN_64_TO_32_BIT_CONVERSION = YES;
				GCC_WARN_ABOUT_RETURN_TYPE = YES_ERROR;
				GCC_WARN_UNDECLARED_SELECTOR = YES;
				GCC_WARN_UNINITIALIZED_AUTOS = YES_AGGRESSIVE;
				GCC_WARN_UNUSED_FUNCTION = YES;
				GCC_WARN_UNUSED_VARIABLE = YES;
				IPHONEOS_DEPLOYMENT_TARGET = 14.5;
				MTL_ENABLE_DEBUG_INFO = INCLUDE_SOURCE;
				MTL_FAST_MATH = YES;
				ONLY_ACTIVE_ARCH = YES;
				SDKROOT = iphoneos;
				SWIFT_ACTIVE_COMPILATION_CONDITIONS = DEBUG;
				SWIFT_OPTIMIZATION_LEVEL = "-Onone";
			};
			name = Debug;
		};
		4194D7AE270F819D0068B9EA /* Release */ = {
			isa = XCBuildConfiguration;
			buildSettings = {
				ALWAYS_SEARCH_USER_PATHS = NO;
				CLANG_ANALYZER_NONNULL = YES;
				CLANG_ANALYZER_NUMBER_OBJECT_CONVERSION = YES_AGGRESSIVE;
				CLANG_CXX_LANGUAGE_STANDARD = "gnu++14";
				CLANG_CXX_LIBRARY = "libc++";
				CLANG_ENABLE_MODULES = YES;
				CLANG_ENABLE_OBJC_ARC = YES;
				CLANG_ENABLE_OBJC_WEAK = YES;
				CLANG_WARN_BLOCK_CAPTURE_AUTORELEASING = YES;
				CLANG_WARN_BOOL_CONVERSION = YES;
				CLANG_WARN_COMMA = YES;
				CLANG_WARN_CONSTANT_CONVERSION = YES;
				CLANG_WARN_DEPRECATED_OBJC_IMPLEMENTATIONS = YES;
				CLANG_WARN_DIRECT_OBJC_ISA_USAGE = YES_ERROR;
				CLANG_WARN_DOCUMENTATION_COMMENTS = YES;
				CLANG_WARN_EMPTY_BODY = YES;
				CLANG_WARN_ENUM_CONVERSION = YES;
				CLANG_WARN_INFINITE_RECURSION = YES;
				CLANG_WARN_INT_CONVERSION = YES;
				CLANG_WARN_NON_LITERAL_NULL_CONVERSION = YES;
				CLANG_WARN_OBJC_IMPLICIT_RETAIN_SELF = YES;
				CLANG_WARN_OBJC_LITERAL_CONVERSION = YES;
				CLANG_WARN_OBJC_ROOT_CLASS = YES_ERROR;
				CLANG_WARN_QUOTED_INCLUDE_IN_FRAMEWORK_HEADER = YES;
				CLANG_WARN_RANGE_LOOP_ANALYSIS = YES;
				CLANG_WARN_STRICT_PROTOTYPES = YES;
				CLANG_WARN_SUSPICIOUS_MOVE = YES;
				CLANG_WARN_UNGUARDED_AVAILABILITY = YES_AGGRESSIVE;
				CLANG_WARN_UNREACHABLE_CODE = YES;
				CLANG_WARN__DUPLICATE_METHOD_MATCH = YES;
				COPY_PHASE_STRIP = NO;
				DEBUG_INFORMATION_FORMAT = "dwarf-with-dsym";
				ENABLE_NS_ASSERTIONS = NO;
				ENABLE_STRICT_OBJC_MSGSEND = YES;
				GCC_C_LANGUAGE_STANDARD = gnu11;
				GCC_NO_COMMON_BLOCKS = YES;
				GCC_WARN_64_TO_32_BIT_CONVERSION = YES;
				GCC_WARN_ABOUT_RETURN_TYPE = YES_ERROR;
				GCC_WARN_UNDECLARED_SELECTOR = YES;
				GCC_WARN_UNINITIALIZED_AUTOS = YES_AGGRESSIVE;
				GCC_WARN_UNUSED_FUNCTION = YES;
				GCC_WARN_UNUSED_VARIABLE = YES;
				IPHONEOS_DEPLOYMENT_TARGET = 14.5;
				MTL_ENABLE_DEBUG_INFO = NO;
				MTL_FAST_MATH = YES;
				SDKROOT = iphoneos;
				SWIFT_COMPILATION_MODE = wholemodule;
				SWIFT_OPTIMIZATION_LEVEL = "-O";
				VALIDATE_PRODUCT = YES;
			};
			name = Release;
		};
		4194D7B0270F819D0068B9EA /* Debug */ = {
			isa = XCBuildConfiguration;
			baseConfigurationReference = 70EE8F535427B615473DDAF2 /* Pods-FintechGame.debug.xcconfig */;
			buildSettings = {
				ASSETCATALOG_COMPILER_APPICON_NAME = AppIcon;
				ASSETCATALOG_COMPILER_GLOBAL_ACCENT_COLOR_NAME = AccentColor;
				CODE_SIGN_STYLE = Automatic;
				INFOPLIST_FILE = FintechGame/Info.plist;
				LD_RUNPATH_SEARCH_PATHS = (
					"$(inherited)",
					"@executable_path/Frameworks",
				);
				PRODUCT_BUNDLE_IDENTIFIER = vyrex.FintechGame;
				PRODUCT_NAME = "$(TARGET_NAME)";
				SWIFT_VERSION = 5.0;
				TARGETED_DEVICE_FAMILY = "1,2";
			};
			name = Debug;
		};
		4194D7B1270F819D0068B9EA /* Release */ = {
			isa = XCBuildConfiguration;
			baseConfigurationReference = 032502F17FF1E23075484F90 /* Pods-FintechGame.release.xcconfig */;
			buildSettings = {
				ASSETCATALOG_COMPILER_APPICON_NAME = AppIcon;
				ASSETCATALOG_COMPILER_GLOBAL_ACCENT_COLOR_NAME = AccentColor;
				CODE_SIGN_STYLE = Automatic;
				INFOPLIST_FILE = FintechGame/Info.plist;
				LD_RUNPATH_SEARCH_PATHS = (
					"$(inherited)",
					"@executable_path/Frameworks",
				);
				PRODUCT_BUNDLE_IDENTIFIER = vyrex.FintechGame;
				PRODUCT_NAME = "$(TARGET_NAME)";
				SWIFT_VERSION = 5.0;
				TARGETED_DEVICE_FAMILY = "1,2";
			};
			name = Release;
		};
		4194D7B3270F819D0068B9EA /* Debug */ = {
			isa = XCBuildConfiguration;
			baseConfigurationReference = 62C7D66D6E0767D3D80945EF /* Pods-FintechGameTests.debug.xcconfig */;
			buildSettings = {
				ALWAYS_EMBED_SWIFT_STANDARD_LIBRARIES = YES;
				BUNDLE_LOADER = "$(TEST_HOST)";
				CODE_SIGN_STYLE = Automatic;
				INFOPLIST_FILE = FintechGameTests/Info.plist;
				IPHONEOS_DEPLOYMENT_TARGET = 14.5;
				LD_RUNPATH_SEARCH_PATHS = (
					"$(inherited)",
					"@executable_path/Frameworks",
					"@loader_path/Frameworks",
				);
				PRODUCT_BUNDLE_IDENTIFIER = vyrex.FintechGameTests;
				PRODUCT_NAME = "$(TARGET_NAME)";
				SWIFT_VERSION = 5.0;
				TARGETED_DEVICE_FAMILY = "1,2";
				TEST_HOST = "$(BUILT_PRODUCTS_DIR)/FintechGame.app/FintechGame";
			};
			name = Debug;
		};
		4194D7B4270F819D0068B9EA /* Release */ = {
			isa = XCBuildConfiguration;
			baseConfigurationReference = 93E872944A6D7431A68527F2 /* Pods-FintechGameTests.release.xcconfig */;
			buildSettings = {
				ALWAYS_EMBED_SWIFT_STANDARD_LIBRARIES = YES;
				BUNDLE_LOADER = "$(TEST_HOST)";
				CODE_SIGN_STYLE = Automatic;
				INFOPLIST_FILE = FintechGameTests/Info.plist;
				IPHONEOS_DEPLOYMENT_TARGET = 14.5;
				LD_RUNPATH_SEARCH_PATHS = (
					"$(inherited)",
					"@executable_path/Frameworks",
					"@loader_path/Frameworks",
				);
				PRODUCT_BUNDLE_IDENTIFIER = vyrex.FintechGameTests;
				PRODUCT_NAME = "$(TARGET_NAME)";
				SWIFT_VERSION = 5.0;
				TARGETED_DEVICE_FAMILY = "1,2";
				TEST_HOST = "$(BUILT_PRODUCTS_DIR)/FintechGame.app/FintechGame";
			};
			name = Release;
		};
		4194D7B6270F819D0068B9EA /* Debug */ = {
			isa = XCBuildConfiguration;
			baseConfigurationReference = 10E6E28C4B31CEBB18A8590D /* Pods-FintechGame-FintechGameUITests.debug.xcconfig */;
			buildSettings = {
				ALWAYS_EMBED_SWIFT_STANDARD_LIBRARIES = YES;
				CODE_SIGN_STYLE = Automatic;
				INFOPLIST_FILE = FintechGameUITests/Info.plist;
				LD_RUNPATH_SEARCH_PATHS = (
					"$(inherited)",
					"@executable_path/Frameworks",
					"@loader_path/Frameworks",
				);
				PRODUCT_BUNDLE_IDENTIFIER = vyrex.FintechGameUITests;
				PRODUCT_NAME = "$(TARGET_NAME)";
				SWIFT_VERSION = 5.0;
				TARGETED_DEVICE_FAMILY = "1,2";
				TEST_TARGET_NAME = FintechGame;
			};
			name = Debug;
		};
		4194D7B7270F819D0068B9EA /* Release */ = {
			isa = XCBuildConfiguration;
			baseConfigurationReference = 14756F17DEBA7FA7E677F645 /* Pods-FintechGame-FintechGameUITests.release.xcconfig */;
			buildSettings = {
				ALWAYS_EMBED_SWIFT_STANDARD_LIBRARIES = YES;
				CODE_SIGN_STYLE = Automatic;
				INFOPLIST_FILE = FintechGameUITests/Info.plist;
				LD_RUNPATH_SEARCH_PATHS = (
					"$(inherited)",
					"@executable_path/Frameworks",
					"@loader_path/Frameworks",
				);
				PRODUCT_BUNDLE_IDENTIFIER = vyrex.FintechGameUITests;
				PRODUCT_NAME = "$(TARGET_NAME)";
				SWIFT_VERSION = 5.0;
				TARGETED_DEVICE_FAMILY = "1,2";
				TEST_TARGET_NAME = FintechGame;
			};
			name = Release;
		};
/* End XCBuildConfiguration section */

/* Begin XCConfigurationList section */
		4194D77D270F81990068B9EA /* Build configuration list for PBXProject "FintechGame" */ = {
			isa = XCConfigurationList;
			buildConfigurations = (
				4194D7AD270F819D0068B9EA /* Debug */,
				4194D7AE270F819D0068B9EA /* Release */,
			);
			defaultConfigurationIsVisible = 0;
			defaultConfigurationName = Release;
		};
		4194D7AF270F819D0068B9EA /* Build configuration list for PBXNativeTarget "FintechGame" */ = {
			isa = XCConfigurationList;
			buildConfigurations = (
				4194D7B0270F819D0068B9EA /* Debug */,
				4194D7B1270F819D0068B9EA /* Release */,
			);
			defaultConfigurationIsVisible = 0;
			defaultConfigurationName = Release;
		};
		4194D7B2270F819D0068B9EA /* Build configuration list for PBXNativeTarget "FintechGameTests" */ = {
			isa = XCConfigurationList;
			buildConfigurations = (
				4194D7B3270F819D0068B9EA /* Debug */,
				4194D7B4270F819D0068B9EA /* Release */,
			);
			defaultConfigurationIsVisible = 0;
			defaultConfigurationName = Release;
		};
		4194D7B5270F819D0068B9EA /* Build configuration list for PBXNativeTarget "FintechGameUITests" */ = {
			isa = XCConfigurationList;
			buildConfigurations = (
				4194D7B6270F819D0068B9EA /* Debug */,
				4194D7B7270F819D0068B9EA /* Release */,
			);
			defaultConfigurationIsVisible = 0;
			defaultConfigurationName = Release;
		};
/* End XCConfigurationList section */

/* Begin XCVersionGroup section */
		4194D78E270F81990068B9EA /* FintechGame.xcdatamodeld */ = {
			isa = XCVersionGroup;
			children = (
				4194D78F270F81990068B9EA /* FintechGame.xcdatamodel */,
			);
			currentVersion = 4194D78F270F81990068B9EA /* FintechGame.xcdatamodel */;
			path = FintechGame.xcdatamodeld;
			sourceTree = "<group>";
			versionGroupType = wrapper.xcdatamodel;
		};
/* End XCVersionGroup section */
	};
	rootObject = 4194D77A270F81990068B9EA /* Project object */;
}
